
Microsoft Visual Studio Solution File, Format Version 11.00
# Visual Studio 2010
Project("{8BC9CEB8-8B4A-11D0-8D11-00A0C91BC942}") = "User_Space", "User_Space\User_Space.vcxproj", "{03356212-5DD0-4D56-A243-5DABB710DD31}"
	ProjectSection(ProjectDependencies) = postProject
		{FE16CA2C-E4C8-4C9C-9A8F-F63DC734205F} = {FE16CA2C-E4C8-4C9C-9A8F-F63DC734205F}
		{70F1765F-C7C3-4EE7-89C4-5274CFCC4030} = {70F1765F-C7C3-4EE7-89C4-5274CFCC4030}
		{B1069BED-CDDA-4039-811C-459007051917} = {B1069BED-CDDA-4039-811C-459007051917}
	EndProjectSection
EndProject
Project("{8BC9CEB8-8B4A-11D0-8D11-00A0C91BC942}") = "Core", "Core\Core.vcxproj", "{CC14D99C-6731-411A-8226-51D3EA948BFF}"
EndProject
Project("{8BC9CEB8-8B4A-11D0-8D11-00A0C91BC942}") = "Repository", "Repository\Repository.vcxproj", "{B1069BED-CDDA-4039-811C-459007051917}"
	ProjectSection(ProjectDependencies) = postProject
		{CC14D99C-6731-411A-8226-51D3EA948BFF} = {CC14D99C-6731-411A-8226-51D3EA948BFF}
	EndProjectSection
EndProject
Project("{8BC9CEB8-8B4A-11D0-8D11-00A0C91BC942}") = "Scenario_Manager", "Scenario_Manager\Scenario_Manager.vcxproj", "{FE16CA2C-E4C8-4C9C-9A8F-F63DC734205F}"
EndProject
Project("{8BC9CEB8-8B4A-11D0-8D11-00A0C91BC942}") = "Application", "Application\Application.vcxproj", "{098AE0AB-930F-43F6-93E6-19CF9E0C1809}"
	ProjectSection(ProjectDependencies) = postProject
		{05A50C9B-EF18-41F4-BE3B-092D564AD6F2} = {05A50C9B-EF18-41F4-BE3B-092D564AD6F2}
	EndProjectSection
EndProject
Project("{8BC9CEB8-8B4A-11D0-8D11-00A0C91BC942}") = "File_IO", "File_IO\File_IO.vcxproj", "{70F1765F-C7C3-4EE7-89C4-5274CFCC4030}"
EndProject
Project("{8BC9CEB8-8B4A-11D0-8D11-00A0C91BC942}") = "Antares", "Antares\Antares.vcxproj", "{05A50C9B-EF18-41F4-BE3B-092D564AD6F2}"
	ProjectSection(ProjectDependencies) = postProject
		{5ED95B61-C4B2-4883-A960-DA348347A260} = {5ED95B61-C4B2-4883-A960-DA348347A260}
	EndProjectSection
EndProject
Project("{8BC9CEB8-8B4A-11D0-8D11-00A0C91BC942}") = "Transims2Polaris-mt", "Transims2Polaris\Transims2Polaris-mt.vcxproj", "{503AC797-81E4-4B74-BD82-47F166010EF2}"
EndProject
Project("{8BC9CEB8-8B4A-11D0-8D11-00A0C91BC942}") = "Io-mt", "Io\io-mt.vcxproj", "{5ED95B61-C4B2-4883-A960-DA348347A260}"
EndProject
Project("{8BC9CEB8-8B4A-11D0-8D11-00A0C91BC942}") = "db_unittest", "db_unittest\db_unittest.vcxproj", "{09D969F6-2F51-4519-A5C3-4E10447C81CC}"
EndProject
Global
	GlobalSection(SolutionConfigurationPlatforms) = preSolution
		Debug_Integrated|Win32 = Debug_Integrated|Win32
		Debug_Integrated|x64 = Debug_Integrated|x64
		Debug|Win32 = Debug|Win32
		Debug|x64 = Debug|x64
		Release_Antares|Win32 = Release_Antares|Win32
		Release_Antares|x64 = Release_Antares|x64
		Release_Integrated_Antares|Win32 = Release_Integrated_Antares|Win32
		Release_Integrated_Antares|x64 = Release_Integrated_Antares|x64
		Release_Integrated|Win32 = Release_Integrated|Win32
		Release_Integrated|x64 = Release_Integrated|x64
		Release_NetworkModel_Antares|Win32 = Release_NetworkModel_Antares|Win32
		Release_NetworkModel_Antares|x64 = Release_NetworkModel_Antares|x64
		Release_NetworkModel|Win32 = Release_NetworkModel|Win32
		Release_NetworkModel|x64 = Release_NetworkModel|x64
		Release|Win32 = Release|Win32
		Release|x64 = Release|x64
	EndGlobalSection
	GlobalSection(ProjectConfigurationPlatforms) = postSolution
		{03356212-5DD0-4D56-A243-5DABB710DD31}.Debug_Integrated|Win32.ActiveCfg = Debug_Integrated|Win32
		{03356212-5DD0-4D56-A243-5DABB710DD31}.Debug_Integrated|Win32.Build.0 = Debug_Integrated|Win32
		{03356212-5DD0-4D56-A243-5DABB710DD31}.Debug_Integrated|x64.ActiveCfg = Debug_Integrated|x64
		{03356212-5DD0-4D56-A243-5DABB710DD31}.Debug_Integrated|x64.Build.0 = Debug_Integrated|x64
		{03356212-5DD0-4D56-A243-5DABB710DD31}.Debug|Win32.ActiveCfg = Debug|Win32
		{03356212-5DD0-4D56-A243-5DABB710DD31}.Debug|Win32.Build.0 = Debug|Win32
		{03356212-5DD0-4D56-A243-5DABB710DD31}.Debug|x64.ActiveCfg = Debug|x64
		{03356212-5DD0-4D56-A243-5DABB710DD31}.Debug|x64.Build.0 = Debug|x64
		{03356212-5DD0-4D56-A243-5DABB710DD31}.Release_Antares|Win32.ActiveCfg = Release_Antares|Win32
		{03356212-5DD0-4D56-A243-5DABB710DD31}.Release_Antares|Win32.Build.0 = Release_Antares|Win32
		{03356212-5DD0-4D56-A243-5DABB710DD31}.Release_Antares|x64.ActiveCfg = Release_Antares|x64
		{03356212-5DD0-4D56-A243-5DABB710DD31}.Release_Antares|x64.Build.0 = Release_Antares|x64
		{03356212-5DD0-4D56-A243-5DABB710DD31}.Release_Integrated_Antares|Win32.ActiveCfg = Release_Integrated_Antares|Win32
		{03356212-5DD0-4D56-A243-5DABB710DD31}.Release_Integrated_Antares|Win32.Build.0 = Release_Integrated_Antares|Win32
		{03356212-5DD0-4D56-A243-5DABB710DD31}.Release_Integrated_Antares|x64.ActiveCfg = Release_Integrated_Antares|x64
		{03356212-5DD0-4D56-A243-5DABB710DD31}.Release_Integrated_Antares|x64.Build.0 = Release_Integrated_Antares|x64
		{03356212-5DD0-4D56-A243-5DABB710DD31}.Release_Integrated|Win32.ActiveCfg = Release_Integrated|Win32
		{03356212-5DD0-4D56-A243-5DABB710DD31}.Release_Integrated|Win32.Build.0 = Release_Integrated|Win32
		{03356212-5DD0-4D56-A243-5DABB710DD31}.Release_Integrated|x64.ActiveCfg = Release_Integrated|x64
		{03356212-5DD0-4D56-A243-5DABB710DD31}.Release_Integrated|x64.Build.0 = Release_Integrated|x64
		{03356212-5DD0-4D56-A243-5DABB710DD31}.Release_NetworkModel_Antares|Win32.ActiveCfg = Release_NetworkModel_Antares|Win32
		{03356212-5DD0-4D56-A243-5DABB710DD31}.Release_NetworkModel_Antares|Win32.Build.0 = Release_NetworkModel_Antares|Win32
		{03356212-5DD0-4D56-A243-5DABB710DD31}.Release_NetworkModel_Antares|x64.ActiveCfg = Release_NetworkModel_Antares|x64
		{03356212-5DD0-4D56-A243-5DABB710DD31}.Release_NetworkModel_Antares|x64.Build.0 = Release_NetworkModel_Antares|x64
		{03356212-5DD0-4D56-A243-5DABB710DD31}.Release_NetworkModel|Win32.ActiveCfg = Release_NetworkModel|Win32
		{03356212-5DD0-4D56-A243-5DABB710DD31}.Release_NetworkModel|Win32.Build.0 = Release_NetworkModel|Win32
		{03356212-5DD0-4D56-A243-5DABB710DD31}.Release_NetworkModel|x64.ActiveCfg = Release_NetworkModel|x64
		{03356212-5DD0-4D56-A243-5DABB710DD31}.Release_NetworkModel|x64.Build.0 = Release_NetworkModel|x64
		{03356212-5DD0-4D56-A243-5DABB710DD31}.Release|Win32.ActiveCfg = Release|Win32
		{03356212-5DD0-4D56-A243-5DABB710DD31}.Release|Win32.Build.0 = Release|Win32
		{03356212-5DD0-4D56-A243-5DABB710DD31}.Release|x64.ActiveCfg = Release|x64
		{03356212-5DD0-4D56-A243-5DABB710DD31}.Release|x64.Build.0 = Release|x64
		{CC14D99C-6731-411A-8226-51D3EA948BFF}.Debug_Integrated|Win32.ActiveCfg = Debug_Integrated|Win32
		{CC14D99C-6731-411A-8226-51D3EA948BFF}.Debug_Integrated|Win32.Build.0 = Debug_Integrated|Win32
		{CC14D99C-6731-411A-8226-51D3EA948BFF}.Debug_Integrated|x64.ActiveCfg = Debug_Integrated|x64
		{CC14D99C-6731-411A-8226-51D3EA948BFF}.Debug_Integrated|x64.Build.0 = Debug_Integrated|x64
		{CC14D99C-6731-411A-8226-51D3EA948BFF}.Debug|Win32.ActiveCfg = Debug|Win32
		{CC14D99C-6731-411A-8226-51D3EA948BFF}.Debug|Win32.Build.0 = Debug|Win32
		{CC14D99C-6731-411A-8226-51D3EA948BFF}.Debug|x64.ActiveCfg = Debug|x64
		{CC14D99C-6731-411A-8226-51D3EA948BFF}.Debug|x64.Build.0 = Debug|x64
		{CC14D99C-6731-411A-8226-51D3EA948BFF}.Release_Antares|Win32.ActiveCfg = Release_Antares|Win32
		{CC14D99C-6731-411A-8226-51D3EA948BFF}.Release_Antares|Win32.Build.0 = Release_Antares|Win32
		{CC14D99C-6731-411A-8226-51D3EA948BFF}.Release_Antares|x64.ActiveCfg = Release_Antares|x64
		{CC14D99C-6731-411A-8226-51D3EA948BFF}.Release_Antares|x64.Build.0 = Release_Antares|x64
		{CC14D99C-6731-411A-8226-51D3EA948BFF}.Release_Integrated_Antares|Win32.ActiveCfg = Release_Integrated_Antares|Win32
		{CC14D99C-6731-411A-8226-51D3EA948BFF}.Release_Integrated_Antares|Win32.Build.0 = Release_Integrated_Antares|Win32
		{CC14D99C-6731-411A-8226-51D3EA948BFF}.Release_Integrated_Antares|x64.ActiveCfg = Release_Integrated_Antares|x64
		{CC14D99C-6731-411A-8226-51D3EA948BFF}.Release_Integrated_Antares|x64.Build.0 = Release_Integrated_Antares|x64
		{CC14D99C-6731-411A-8226-51D3EA948BFF}.Release_Integrated|Win32.ActiveCfg = Release_Integrated|Win32
		{CC14D99C-6731-411A-8226-51D3EA948BFF}.Release_Integrated|Win32.Build.0 = Release_Integrated|Win32
		{CC14D99C-6731-411A-8226-51D3EA948BFF}.Release_Integrated|x64.ActiveCfg = Release_Integrated|x64
		{CC14D99C-6731-411A-8226-51D3EA948BFF}.Release_Integrated|x64.Build.0 = Release_Integrated|x64
		{CC14D99C-6731-411A-8226-51D3EA948BFF}.Release_NetworkModel_Antares|Win32.ActiveCfg = Release_NetworkModel_Antares|Win32
		{CC14D99C-6731-411A-8226-51D3EA948BFF}.Release_NetworkModel_Antares|Win32.Build.0 = Release_NetworkModel_Antares|Win32
		{CC14D99C-6731-411A-8226-51D3EA948BFF}.Release_NetworkModel_Antares|x64.ActiveCfg = Release_NetworkModel_Antares|x64
		{CC14D99C-6731-411A-8226-51D3EA948BFF}.Release_NetworkModel_Antares|x64.Build.0 = Release_NetworkModel_Antares|x64
		{CC14D99C-6731-411A-8226-51D3EA948BFF}.Release_NetworkModel|Win32.ActiveCfg = Release_NetworkModel|Win32
		{CC14D99C-6731-411A-8226-51D3EA948BFF}.Release_NetworkModel|Win32.Build.0 = Release_NetworkModel|Win32
		{CC14D99C-6731-411A-8226-51D3EA948BFF}.Release_NetworkModel|x64.ActiveCfg = Release_NetworkModel|x64
		{CC14D99C-6731-411A-8226-51D3EA948BFF}.Release_NetworkModel|x64.Build.0 = Release_NetworkModel|x64
		{CC14D99C-6731-411A-8226-51D3EA948BFF}.Release|Win32.ActiveCfg = Release|Win32
		{CC14D99C-6731-411A-8226-51D3EA948BFF}.Release|Win32.Build.0 = Release|Win32
		{CC14D99C-6731-411A-8226-51D3EA948BFF}.Release|x64.ActiveCfg = Release|x64
		{CC14D99C-6731-411A-8226-51D3EA948BFF}.Release|x64.Build.0 = Release|x64
		{B1069BED-CDDA-4039-811C-459007051917}.Debug_Integrated|Win32.ActiveCfg = Debug_Integrated|Win32
		{B1069BED-CDDA-4039-811C-459007051917}.Debug_Integrated|Win32.Build.0 = Debug_Integrated|Win32
		{B1069BED-CDDA-4039-811C-459007051917}.Debug_Integrated|x64.ActiveCfg = Debug_Integrated|x64
		{B1069BED-CDDA-4039-811C-459007051917}.Debug_Integrated|x64.Build.0 = Debug_Integrated|x64
		{B1069BED-CDDA-4039-811C-459007051917}.Debug|Win32.ActiveCfg = Debug|Win32
		{B1069BED-CDDA-4039-811C-459007051917}.Debug|Win32.Build.0 = Debug|Win32
		{B1069BED-CDDA-4039-811C-459007051917}.Debug|x64.ActiveCfg = Debug|x64
		{B1069BED-CDDA-4039-811C-459007051917}.Debug|x64.Build.0 = Debug|x64
		{B1069BED-CDDA-4039-811C-459007051917}.Release_Antares|Win32.ActiveCfg = Release_Antares|Win32
		{B1069BED-CDDA-4039-811C-459007051917}.Release_Antares|Win32.Build.0 = Release_Antares|Win32
		{B1069BED-CDDA-4039-811C-459007051917}.Release_Antares|x64.ActiveCfg = Release_Antares|x64
		{B1069BED-CDDA-4039-811C-459007051917}.Release_Antares|x64.Build.0 = Release_Antares|x64
		{B1069BED-CDDA-4039-811C-459007051917}.Release_Integrated_Antares|Win32.ActiveCfg = Release_Integrated_Antares|Win32
		{B1069BED-CDDA-4039-811C-459007051917}.Release_Integrated_Antares|Win32.Build.0 = Release_Integrated_Antares|Win32
		{B1069BED-CDDA-4039-811C-459007051917}.Release_Integrated_Antares|x64.ActiveCfg = Release_Integrated_Antares|x64
		{B1069BED-CDDA-4039-811C-459007051917}.Release_Integrated_Antares|x64.Build.0 = Release_Integrated_Antares|x64
		{B1069BED-CDDA-4039-811C-459007051917}.Release_Integrated|Win32.ActiveCfg = Release_Integrated|Win32
		{B1069BED-CDDA-4039-811C-459007051917}.Release_Integrated|Win32.Build.0 = Release_Integrated|Win32
		{B1069BED-CDDA-4039-811C-459007051917}.Release_Integrated|x64.ActiveCfg = Release_Integrated|x64
		{B1069BED-CDDA-4039-811C-459007051917}.Release_Integrated|x64.Build.0 = Release_Integrated|x64
		{B1069BED-CDDA-4039-811C-459007051917}.Release_NetworkModel_Antares|Win32.ActiveCfg = Release_NetworkModel_Antares|Win32
		{B1069BED-CDDA-4039-811C-459007051917}.Release_NetworkModel_Antares|Win32.Build.0 = Release_NetworkModel_Antares|Win32
		{B1069BED-CDDA-4039-811C-459007051917}.Release_NetworkModel_Antares|x64.ActiveCfg = Release_NetworkModel_Antares|x64
		{B1069BED-CDDA-4039-811C-459007051917}.Release_NetworkModel_Antares|x64.Build.0 = Release_NetworkModel_Antares|x64
		{B1069BED-CDDA-4039-811C-459007051917}.Release_NetworkModel|Win32.ActiveCfg = Release_NetworkModel|Win32
		{B1069BED-CDDA-4039-811C-459007051917}.Release_NetworkModel|Win32.Build.0 = Release_NetworkModel|Win32
		{B1069BED-CDDA-4039-811C-459007051917}.Release_NetworkModel|x64.ActiveCfg = Release_NetworkModel|x64
		{B1069BED-CDDA-4039-811C-459007051917}.Release_NetworkModel|x64.Build.0 = Release_NetworkModel|x64
		{B1069BED-CDDA-4039-811C-459007051917}.Release|Win32.ActiveCfg = Release|Win32
		{B1069BED-CDDA-4039-811C-459007051917}.Release|Win32.Build.0 = Release|Win32
		{B1069BED-CDDA-4039-811C-459007051917}.Release|x64.ActiveCfg = Release|x64
		{B1069BED-CDDA-4039-811C-459007051917}.Release|x64.Build.0 = Release|x64
		{FE16CA2C-E4C8-4C9C-9A8F-F63DC734205F}.Debug_Integrated|Win32.ActiveCfg = Debug_Integrated|Win32
		{FE16CA2C-E4C8-4C9C-9A8F-F63DC734205F}.Debug_Integrated|Win32.Build.0 = Debug_Integrated|Win32
		{FE16CA2C-E4C8-4C9C-9A8F-F63DC734205F}.Debug_Integrated|x64.ActiveCfg = Debug_Integrated|x64
		{FE16CA2C-E4C8-4C9C-9A8F-F63DC734205F}.Debug_Integrated|x64.Build.0 = Debug_Integrated|x64
		{FE16CA2C-E4C8-4C9C-9A8F-F63DC734205F}.Debug|Win32.ActiveCfg = Debug|Win32
		{FE16CA2C-E4C8-4C9C-9A8F-F63DC734205F}.Debug|Win32.Build.0 = Debug|Win32
		{FE16CA2C-E4C8-4C9C-9A8F-F63DC734205F}.Debug|x64.ActiveCfg = Debug|x64
		{FE16CA2C-E4C8-4C9C-9A8F-F63DC734205F}.Debug|x64.Build.0 = Debug|x64
		{FE16CA2C-E4C8-4C9C-9A8F-F63DC734205F}.Release_Antares|Win32.ActiveCfg = Release_Antares|Win32
		{FE16CA2C-E4C8-4C9C-9A8F-F63DC734205F}.Release_Antares|Win32.Build.0 = Release_Antares|Win32
		{FE16CA2C-E4C8-4C9C-9A8F-F63DC734205F}.Release_Antares|x64.ActiveCfg = Release_Antares|x64
		{FE16CA2C-E4C8-4C9C-9A8F-F63DC734205F}.Release_Antares|x64.Build.0 = Release_Antares|x64
		{FE16CA2C-E4C8-4C9C-9A8F-F63DC734205F}.Release_Integrated_Antares|Win32.ActiveCfg = Release_Integrated_Antares|Win32
		{FE16CA2C-E4C8-4C9C-9A8F-F63DC734205F}.Release_Integrated_Antares|Win32.Build.0 = Release_Integrated_Antares|Win32
		{FE16CA2C-E4C8-4C9C-9A8F-F63DC734205F}.Release_Integrated_Antares|x64.ActiveCfg = Release_Integrated_Antares|x64
		{FE16CA2C-E4C8-4C9C-9A8F-F63DC734205F}.Release_Integrated_Antares|x64.Build.0 = Release_Integrated_Antares|x64
		{FE16CA2C-E4C8-4C9C-9A8F-F63DC734205F}.Release_Integrated|Win32.ActiveCfg = Release_Integrated|Win32
		{FE16CA2C-E4C8-4C9C-9A8F-F63DC734205F}.Release_Integrated|Win32.Build.0 = Release_Integrated|Win32
		{FE16CA2C-E4C8-4C9C-9A8F-F63DC734205F}.Release_Integrated|x64.ActiveCfg = Release_Integrated|x64
		{FE16CA2C-E4C8-4C9C-9A8F-F63DC734205F}.Release_Integrated|x64.Build.0 = Release_Integrated|x64
		{FE16CA2C-E4C8-4C9C-9A8F-F63DC734205F}.Release_NetworkModel_Antares|Win32.ActiveCfg = Release_NetworkModel_Antares|Win32
		{FE16CA2C-E4C8-4C9C-9A8F-F63DC734205F}.Release_NetworkModel_Antares|Win32.Build.0 = Release_NetworkModel_Antares|Win32
		{FE16CA2C-E4C8-4C9C-9A8F-F63DC734205F}.Release_NetworkModel_Antares|x64.ActiveCfg = Release_NetworkModel_Antares|x64
		{FE16CA2C-E4C8-4C9C-9A8F-F63DC734205F}.Release_NetworkModel_Antares|x64.Build.0 = Release_NetworkModel_Antares|x64
		{FE16CA2C-E4C8-4C9C-9A8F-F63DC734205F}.Release_NetworkModel|Win32.ActiveCfg = Release_NetworkModel|Win32
		{FE16CA2C-E4C8-4C9C-9A8F-F63DC734205F}.Release_NetworkModel|Win32.Build.0 = Release_NetworkModel|Win32
		{FE16CA2C-E4C8-4C9C-9A8F-F63DC734205F}.Release_NetworkModel|x64.ActiveCfg = Release_NetworkModel|x64
		{FE16CA2C-E4C8-4C9C-9A8F-F63DC734205F}.Release_NetworkModel|x64.Build.0 = Release_NetworkModel|x64
		{FE16CA2C-E4C8-4C9C-9A8F-F63DC734205F}.Release|Win32.ActiveCfg = Release|Win32
		{FE16CA2C-E4C8-4C9C-9A8F-F63DC734205F}.Release|Win32.Build.0 = Release|Win32
		{FE16CA2C-E4C8-4C9C-9A8F-F63DC734205F}.Release|x64.ActiveCfg = Release|x64
		{FE16CA2C-E4C8-4C9C-9A8F-F63DC734205F}.Release|x64.Build.0 = Release|x64
		{098AE0AB-930F-43F6-93E6-19CF9E0C1809}.Debug_Integrated|Win32.ActiveCfg = Debug_Integrated|Win32
		{098AE0AB-930F-43F6-93E6-19CF9E0C1809}.Debug_Integrated|Win32.Build.0 = Debug_Integrated|Win32
		{098AE0AB-930F-43F6-93E6-19CF9E0C1809}.Debug_Integrated|x64.ActiveCfg = Debug_Integrated|x64
		{098AE0AB-930F-43F6-93E6-19CF9E0C1809}.Debug_Integrated|x64.Build.0 = Debug_Integrated|x64
		{098AE0AB-930F-43F6-93E6-19CF9E0C1809}.Debug|Win32.ActiveCfg = Debug|Win32
		{098AE0AB-930F-43F6-93E6-19CF9E0C1809}.Debug|Win32.Build.0 = Debug|Win32
		{098AE0AB-930F-43F6-93E6-19CF9E0C1809}.Debug|x64.ActiveCfg = Debug|x64
		{098AE0AB-930F-43F6-93E6-19CF9E0C1809}.Debug|x64.Build.0 = Debug|x64
		{098AE0AB-930F-43F6-93E6-19CF9E0C1809}.Release_Antares|Win32.ActiveCfg = Release_Antares|Win32
		{098AE0AB-930F-43F6-93E6-19CF9E0C1809}.Release_Antares|Win32.Build.0 = Release_Antares|Win32
		{098AE0AB-930F-43F6-93E6-19CF9E0C1809}.Release_Antares|x64.ActiveCfg = Release_Antares|x64
		{098AE0AB-930F-43F6-93E6-19CF9E0C1809}.Release_Antares|x64.Build.0 = Release_Antares|x64
		{098AE0AB-930F-43F6-93E6-19CF9E0C1809}.Release_Integrated_Antares|Win32.ActiveCfg = Release_Integrated_Antares|Win32
		{098AE0AB-930F-43F6-93E6-19CF9E0C1809}.Release_Integrated_Antares|Win32.Build.0 = Release_Integrated_Antares|Win32
		{098AE0AB-930F-43F6-93E6-19CF9E0C1809}.Release_Integrated_Antares|x64.ActiveCfg = Release_Integrated_Antares|x64
		{098AE0AB-930F-43F6-93E6-19CF9E0C1809}.Release_Integrated_Antares|x64.Build.0 = Release_Integrated_Antares|x64
		{098AE0AB-930F-43F6-93E6-19CF9E0C1809}.Release_Integrated|Win32.ActiveCfg = Release_Integrated|Win32
		{098AE0AB-930F-43F6-93E6-19CF9E0C1809}.Release_Integrated|Win32.Build.0 = Release_Integrated|Win32
		{098AE0AB-930F-43F6-93E6-19CF9E0C1809}.Release_Integrated|x64.ActiveCfg = Release_Integrated|x64
		{098AE0AB-930F-43F6-93E6-19CF9E0C1809}.Release_Integrated|x64.Build.0 = Release_Integrated|x64
		{098AE0AB-930F-43F6-93E6-19CF9E0C1809}.Release_NetworkModel_Antares|Win32.ActiveCfg = Release_NetworkModel_Antares|Win32
		{098AE0AB-930F-43F6-93E6-19CF9E0C1809}.Release_NetworkModel_Antares|Win32.Build.0 = Release_NetworkModel_Antares|Win32
		{098AE0AB-930F-43F6-93E6-19CF9E0C1809}.Release_NetworkModel_Antares|x64.ActiveCfg = Release_NetworkModel_Antares|x64
		{098AE0AB-930F-43F6-93E6-19CF9E0C1809}.Release_NetworkModel_Antares|x64.Build.0 = Release_NetworkModel_Antares|x64
		{098AE0AB-930F-43F6-93E6-19CF9E0C1809}.Release_NetworkModel|Win32.ActiveCfg = Release_NetworkModel|Win32
		{098AE0AB-930F-43F6-93E6-19CF9E0C1809}.Release_NetworkModel|Win32.Build.0 = Release_NetworkModel|Win32
		{098AE0AB-930F-43F6-93E6-19CF9E0C1809}.Release_NetworkModel|x64.ActiveCfg = Release_NetworkModel|x64
		{098AE0AB-930F-43F6-93E6-19CF9E0C1809}.Release_NetworkModel|x64.Build.0 = Release_NetworkModel|x64
		{098AE0AB-930F-43F6-93E6-19CF9E0C1809}.Release|Win32.ActiveCfg = Release|Win32
		{098AE0AB-930F-43F6-93E6-19CF9E0C1809}.Release|Win32.Build.0 = Release|Win32
		{098AE0AB-930F-43F6-93E6-19CF9E0C1809}.Release|x64.ActiveCfg = Release|x64
		{098AE0AB-930F-43F6-93E6-19CF9E0C1809}.Release|x64.Build.0 = Release|x64
		{70F1765F-C7C3-4EE7-89C4-5274CFCC4030}.Debug_Integrated|Win32.ActiveCfg = Debug_Integrated|Win32
		{70F1765F-C7C3-4EE7-89C4-5274CFCC4030}.Debug_Integrated|Win32.Build.0 = Debug_Integrated|Win32
		{70F1765F-C7C3-4EE7-89C4-5274CFCC4030}.Debug_Integrated|x64.ActiveCfg = Debug_Integrated|x64
		{70F1765F-C7C3-4EE7-89C4-5274CFCC4030}.Debug_Integrated|x64.Build.0 = Debug_Integrated|x64
		{70F1765F-C7C3-4EE7-89C4-5274CFCC4030}.Debug|Win32.ActiveCfg = Debug|Win32
		{70F1765F-C7C3-4EE7-89C4-5274CFCC4030}.Debug|Win32.Build.0 = Debug|Win32
		{70F1765F-C7C3-4EE7-89C4-5274CFCC4030}.Debug|x64.ActiveCfg = Debug|x64
		{70F1765F-C7C3-4EE7-89C4-5274CFCC4030}.Debug|x64.Build.0 = Debug|x64
		{70F1765F-C7C3-4EE7-89C4-5274CFCC4030}.Release_Antares|Win32.ActiveCfg = Release_Antares|Win32
		{70F1765F-C7C3-4EE7-89C4-5274CFCC4030}.Release_Antares|Win32.Build.0 = Release_Antares|Win32
		{70F1765F-C7C3-4EE7-89C4-5274CFCC4030}.Release_Antares|x64.ActiveCfg = Release_Antares|x64
		{70F1765F-C7C3-4EE7-89C4-5274CFCC4030}.Release_Antares|x64.Build.0 = Release_Antares|x64
		{70F1765F-C7C3-4EE7-89C4-5274CFCC4030}.Release_Integrated_Antares|Win32.ActiveCfg = Release_Integrated_Antares|Win32
		{70F1765F-C7C3-4EE7-89C4-5274CFCC4030}.Release_Integrated_Antares|Win32.Build.0 = Release_Integrated_Antares|Win32
		{70F1765F-C7C3-4EE7-89C4-5274CFCC4030}.Release_Integrated_Antares|x64.ActiveCfg = Release_Integrated_Antares|x64
		{70F1765F-C7C3-4EE7-89C4-5274CFCC4030}.Release_Integrated_Antares|x64.Build.0 = Release_Integrated_Antares|x64
		{70F1765F-C7C3-4EE7-89C4-5274CFCC4030}.Release_Integrated|Win32.ActiveCfg = Release_Integrated|Win32
		{70F1765F-C7C3-4EE7-89C4-5274CFCC4030}.Release_Integrated|Win32.Build.0 = Release_Integrated|Win32
		{70F1765F-C7C3-4EE7-89C4-5274CFCC4030}.Release_Integrated|x64.ActiveCfg = Release_Integrated|x64
		{70F1765F-C7C3-4EE7-89C4-5274CFCC4030}.Release_Integrated|x64.Build.0 = Release_Integrated|x64
		{70F1765F-C7C3-4EE7-89C4-5274CFCC4030}.Release_NetworkModel_Antares|Win32.ActiveCfg = Release_NetworkModel_Antares|Win32
		{70F1765F-C7C3-4EE7-89C4-5274CFCC4030}.Release_NetworkModel_Antares|Win32.Build.0 = Release_NetworkModel_Antares|Win32
		{70F1765F-C7C3-4EE7-89C4-5274CFCC4030}.Release_NetworkModel_Antares|x64.ActiveCfg = Release_NetworkModel_Antares|x64
		{70F1765F-C7C3-4EE7-89C4-5274CFCC4030}.Release_NetworkModel_Antares|x64.Build.0 = Release_NetworkModel_Antares|x64
		{70F1765F-C7C3-4EE7-89C4-5274CFCC4030}.Release_NetworkModel|Win32.ActiveCfg = Release_NetworkModel|Win32
		{70F1765F-C7C3-4EE7-89C4-5274CFCC4030}.Release_NetworkModel|Win32.Build.0 = Release_NetworkModel|Win32
		{70F1765F-C7C3-4EE7-89C4-5274CFCC4030}.Release_NetworkModel|x64.ActiveCfg = Release_NetworkModel|x64
		{70F1765F-C7C3-4EE7-89C4-5274CFCC4030}.Release_NetworkModel|x64.Build.0 = Release_NetworkModel|x64
		{70F1765F-C7C3-4EE7-89C4-5274CFCC4030}.Release|Win32.ActiveCfg = Release|Win32
		{70F1765F-C7C3-4EE7-89C4-5274CFCC4030}.Release|Win32.Build.0 = Release|Win32
		{70F1765F-C7C3-4EE7-89C4-5274CFCC4030}.Release|x64.ActiveCfg = Release|x64
		{70F1765F-C7C3-4EE7-89C4-5274CFCC4030}.Release|x64.Build.0 = Release|x64
		{05A50C9B-EF18-41F4-BE3B-092D564AD6F2}.Debug_Integrated|Win32.ActiveCfg = Debug_Integrated|Win32
		{05A50C9B-EF18-41F4-BE3B-092D564AD6F2}.Debug_Integrated|x64.ActiveCfg = Debug_Integrated|x64
		{05A50C9B-EF18-41F4-BE3B-092D564AD6F2}.Debug|Win32.ActiveCfg = Debug|Win32
		{05A50C9B-EF18-41F4-BE3B-092D564AD6F2}.Debug|Win32.Build.0 = Debug|Win32
		{05A50C9B-EF18-41F4-BE3B-092D564AD6F2}.Debug|x64.ActiveCfg = Debug|x64
		{05A50C9B-EF18-41F4-BE3B-092D564AD6F2}.Release_Antares|Win32.ActiveCfg = Release_Antares|Win32
		{05A50C9B-EF18-41F4-BE3B-092D564AD6F2}.Release_Antares|Win32.Build.0 = Release_Antares|Win32
		{05A50C9B-EF18-41F4-BE3B-092D564AD6F2}.Release_Antares|x64.ActiveCfg = Release_Antares|x64
		{05A50C9B-EF18-41F4-BE3B-092D564AD6F2}.Release_Antares|x64.Build.0 = Release_Antares|x64
		{05A50C9B-EF18-41F4-BE3B-092D564AD6F2}.Release_Integrated_Antares|Win32.ActiveCfg = Release_Integrated_Antares|Win32
		{05A50C9B-EF18-41F4-BE3B-092D564AD6F2}.Release_Integrated_Antares|Win32.Build.0 = Release_Integrated_Antares|Win32
		{05A50C9B-EF18-41F4-BE3B-092D564AD6F2}.Release_Integrated_Antares|x64.ActiveCfg = Release_Integrated_Antares|x64
		{05A50C9B-EF18-41F4-BE3B-092D564AD6F2}.Release_Integrated_Antares|x64.Build.0 = Release_Integrated_Antares|x64
		{05A50C9B-EF18-41F4-BE3B-092D564AD6F2}.Release_Integrated|Win32.ActiveCfg = Release_Integrated|Win32
		{05A50C9B-EF18-41F4-BE3B-092D564AD6F2}.Release_Integrated|x64.ActiveCfg = Release_Integrated|x64
		{05A50C9B-EF18-41F4-BE3B-092D564AD6F2}.Release_NetworkModel_Antares|Win32.ActiveCfg = Release_NetworkModel_Antares|Win32
		{05A50C9B-EF18-41F4-BE3B-092D564AD6F2}.Release_NetworkModel_Antares|Win32.Build.0 = Release_NetworkModel_Antares|Win32
		{05A50C9B-EF18-41F4-BE3B-092D564AD6F2}.Release_NetworkModel_Antares|x64.ActiveCfg = Release_NetworkModel_Antares|x64
		{05A50C9B-EF18-41F4-BE3B-092D564AD6F2}.Release_NetworkModel_Antares|x64.Build.0 = Release_NetworkModel_Antares|x64
		{05A50C9B-EF18-41F4-BE3B-092D564AD6F2}.Release_NetworkModel|Win32.ActiveCfg = Release_NetworkModel|Win32
		{05A50C9B-EF18-41F4-BE3B-092D564AD6F2}.Release_NetworkModel|x64.ActiveCfg = Release_NetworkModel|x64
		{05A50C9B-EF18-41F4-BE3B-092D564AD6F2}.Release|Win32.ActiveCfg = Release|Win32
		{05A50C9B-EF18-41F4-BE3B-092D564AD6F2}.Release|Win32.Build.0 = Release|Win32
		{05A50C9B-EF18-41F4-BE3B-092D564AD6F2}.Release|x64.ActiveCfg = Release|x64
		{503AC797-81E4-4B74-BD82-47F166010EF2}.Debug_Integrated|Win32.ActiveCfg = Debug_Integrated|Win32
		{503AC797-81E4-4B74-BD82-47F166010EF2}.Debug_Integrated|x64.ActiveCfg = Debug_Integrated|Win32
		{503AC797-81E4-4B74-BD82-47F166010EF2}.Debug|Win32.ActiveCfg = Debug|Win32
		{503AC797-81E4-4B74-BD82-47F166010EF2}.Debug|Win32.Build.0 = Debug|Win32
		{503AC797-81E4-4B74-BD82-47F166010EF2}.Debug|x64.ActiveCfg = Debug|Win32
		{503AC797-81E4-4B74-BD82-47F166010EF2}.Release_Antares|Win32.ActiveCfg = Release|Win32
		{503AC797-81E4-4B74-BD82-47F166010EF2}.Release_Antares|Win32.Build.0 = Release|Win32
		{503AC797-81E4-4B74-BD82-47F166010EF2}.Release_Antares|x64.ActiveCfg = Release|Win32
		{503AC797-81E4-4B74-BD82-47F166010EF2}.Release_Integrated_Antares|Win32.ActiveCfg = Release_Integrated_Antares|Win32
		{503AC797-81E4-4B74-BD82-47F166010EF2}.Release_Integrated_Antares|x64.ActiveCfg = Release_Integrated_Antares|Win32
		{503AC797-81E4-4B74-BD82-47F166010EF2}.Release_Integrated|Win32.ActiveCfg = Release_Integrated|Win32
		{503AC797-81E4-4B74-BD82-47F166010EF2}.Release_Integrated|x64.ActiveCfg = Release_Integrated|Win32
		{503AC797-81E4-4B74-BD82-47F166010EF2}.Release_NetworkModel_Antares|Win32.ActiveCfg = Release_NetworkModel_Antares|Win32
		{503AC797-81E4-4B74-BD82-47F166010EF2}.Release_NetworkModel_Antares|x64.ActiveCfg = Release_NetworkModel_Antares|Win32
		{503AC797-81E4-4B74-BD82-47F166010EF2}.Release_NetworkModel|Win32.ActiveCfg = Release_NetworkModel|Win32
		{503AC797-81E4-4B74-BD82-47F166010EF2}.Release_NetworkModel|x64.ActiveCfg = Release_NetworkModel|Win32
		{503AC797-81E4-4B74-BD82-47F166010EF2}.Release|Win32.ActiveCfg = Release|Win32
		{503AC797-81E4-4B74-BD82-47F166010EF2}.Release|Win32.Build.0 = Release|Win32
		{503AC797-81E4-4B74-BD82-47F166010EF2}.Release|x64.ActiveCfg = Release|Win32
		{5ED95B61-C4B2-4883-A960-DA348347A260}.Debug_Integrated|Win32.ActiveCfg = Debug_Integrated|Win32
		{5ED95B61-C4B2-4883-A960-DA348347A260}.Debug_Integrated|Win32.Build.0 = Debug_Integrated|Win32
		{5ED95B61-C4B2-4883-A960-DA348347A260}.Debug_Integrated|x64.ActiveCfg = Debug_Integrated|x64
		{5ED95B61-C4B2-4883-A960-DA348347A260}.Debug_Integrated|x64.Build.0 = Debug_Integrated|x64
		{5ED95B61-C4B2-4883-A960-DA348347A260}.Debug|Win32.ActiveCfg = Debug|Win32
		{5ED95B61-C4B2-4883-A960-DA348347A260}.Debug|Win32.Build.0 = Debug|Win32
		{5ED95B61-C4B2-4883-A960-DA348347A260}.Debug|x64.ActiveCfg = Debug|x64
		{5ED95B61-C4B2-4883-A960-DA348347A260}.Debug|x64.Build.0 = Debug|x64
		{5ED95B61-C4B2-4883-A960-DA348347A260}.Release_Antares|Win32.ActiveCfg = Release|x64
		{5ED95B61-C4B2-4883-A960-DA348347A260}.Release_Antares|x64.ActiveCfg = Release|x64
		{5ED95B61-C4B2-4883-A960-DA348347A260}.Release_Antares|x64.Build.0 = Release|x64
		{5ED95B61-C4B2-4883-A960-DA348347A260}.Release_Integrated_Antares|Win32.ActiveCfg = Release_Integrated_Antares|Win32
		{5ED95B61-C4B2-4883-A960-DA348347A260}.Release_Integrated_Antares|Win32.Build.0 = Release_Integrated_Antares|Win32
		{5ED95B61-C4B2-4883-A960-DA348347A260}.Release_Integrated_Antares|x64.ActiveCfg = Release_Integrated_Antares|x64
		{5ED95B61-C4B2-4883-A960-DA348347A260}.Release_Integrated_Antares|x64.Build.0 = Release_Integrated_Antares|x64
		{5ED95B61-C4B2-4883-A960-DA348347A260}.Release_Integrated|Win32.ActiveCfg = Release_Integrated|Win32
		{5ED95B61-C4B2-4883-A960-DA348347A260}.Release_Integrated|Win32.Build.0 = Release_Integrated|Win32
		{5ED95B61-C4B2-4883-A960-DA348347A260}.Release_Integrated|x64.ActiveCfg = Release_Integrated|x64
		{5ED95B61-C4B2-4883-A960-DA348347A260}.Release_Integrated|x64.Build.0 = Release_Integrated|x64
		{5ED95B61-C4B2-4883-A960-DA348347A260}.Release_NetworkModel_Antares|Win32.ActiveCfg = Release_NetworkModel_Antares|Win32
		{5ED95B61-C4B2-4883-A960-DA348347A260}.Release_NetworkModel_Antares|Win32.Build.0 = Release_NetworkModel_Antares|Win32
		{5ED95B61-C4B2-4883-A960-DA348347A260}.Release_NetworkModel_Antares|x64.ActiveCfg = Release_NetworkModel_Antares|x64
		{5ED95B61-C4B2-4883-A960-DA348347A260}.Release_NetworkModel_Antares|x64.Build.0 = Release_NetworkModel_Antares|x64
		{5ED95B61-C4B2-4883-A960-DA348347A260}.Release_NetworkModel|Win32.ActiveCfg = Release_NetworkModel|Win32
		{5ED95B61-C4B2-4883-A960-DA348347A260}.Release_NetworkModel|Win32.Build.0 = Release_NetworkModel|Win32
		{5ED95B61-C4B2-4883-A960-DA348347A260}.Release_NetworkModel|x64.ActiveCfg = Release_NetworkModel|x64
		{5ED95B61-C4B2-4883-A960-DA348347A260}.Release_NetworkModel|x64.Build.0 = Release_NetworkModel|x64
		{5ED95B61-C4B2-4883-A960-DA348347A260}.Release|Win32.ActiveCfg = Release|Win32
		{5ED95B61-C4B2-4883-A960-DA348347A260}.Release|Win32.Build.0 = Release|Win32
		{5ED95B61-C4B2-4883-A960-DA348347A260}.Release|x64.ActiveCfg = Release|x64
		{5ED95B61-C4B2-4883-A960-DA348347A260}.Release|x64.Build.0 = Release|x64
		{09D969F6-2F51-4519-A5C3-4E10447C81CC}.Debug_Integrated|Win32.ActiveCfg = Debug_Integrated|Win32
		{09D969F6-2F51-4519-A5C3-4E10447C81CC}.Debug_Integrated|x64.ActiveCfg = Debug_Integrated|Win32
		{09D969F6-2F51-4519-A5C3-4E10447C81CC}.Debug|Win32.ActiveCfg = Debug|Win32
		{09D969F6-2F51-4519-A5C3-4E10447C81CC}.Debug|Win32.Build.0 = Debug|Win32
		{09D969F6-2F51-4519-A5C3-4E10447C81CC}.Debug|x64.ActiveCfg = Debug|Win32
		{09D969F6-2F51-4519-A5C3-4E10447C81CC}.Release_Antares|Win32.ActiveCfg = Release|Win32
		{09D969F6-2F51-4519-A5C3-4E10447C81CC}.Release_Antares|Win32.Build.0 = Release|Win32
		{09D969F6-2F51-4519-A5C3-4E10447C81CC}.Release_Antares|x64.ActiveCfg = Release|Win32
		{09D969F6-2F51-4519-A5C3-4E10447C81CC}.Release_Integrated_Antares|Win32.ActiveCfg = Release_Integrated_Antares|Win32
		{09D969F6-2F51-4519-A5C3-4E10447C81CC}.Release_Integrated_Antares|x64.ActiveCfg = Release_Integrated_Antares|Win32
		{09D969F6-2F51-4519-A5C3-4E10447C81CC}.Release_Integrated|Win32.ActiveCfg = Release_Integrated|Win32
		{09D969F6-2F51-4519-A5C3-4E10447C81CC}.Release_Integrated|x64.ActiveCfg = Release_Integrated|Win32
		{09D969F6-2F51-4519-A5C3-4E10447C81CC}.Release_NetworkModel_Antares|Win32.ActiveCfg = Release_NetworkModel_Antares|Win32
		{09D969F6-2F51-4519-A5C3-4E10447C81CC}.Release_NetworkModel_Antares|x64.ActiveCfg = Release_NetworkModel_Antares|Win32
		{09D969F6-2F51-4519-A5C3-4E10447C81CC}.Release_NetworkModel|Win32.ActiveCfg = Release_NetworkModel|Win32
		{09D969F6-2F51-4519-A5C3-4E10447C81CC}.Release_NetworkModel|x64.ActiveCfg = Release_NetworkModel|Win32
		{09D969F6-2F51-4519-A5C3-4E10447C81CC}.Release|Win32.ActiveCfg = Release|Win32
		{09D969F6-2F51-4519-A5C3-4E10447C81CC}.Release|Win32.Build.0 = Release|Win32
		{09D969F6-2F51-4519-A5C3-4E10447C81CC}.Release|x64.ActiveCfg = Release|Win32
	EndGlobalSection
	GlobalSection(SolutionProperties) = preSolution
		HideSolutionNode = FALSE
	EndGlobalSection
EndGlobal
