<?xml version="1.0" encoding="utf-8"?>
<Project ToolsVersion="4.0" xmlns="http://schemas.microsoft.com/developer/msbuild/2003">
  <ItemGroup>
    <ClCompile Include="System-odb.cxx">
      <Filter>Source Files</Filter>
    </ClCompile>
    <ClCompile Include="Supply-odb.cxx">
      <Filter>Source Files</Filter>
    </ClCompile>
    <ClCompile Include="Result-odb.cxx">
      <Filter>Source Files</Filter>
    </ClCompile>
    <ClCompile Include="Demand-odb.cxx">
      <Filter>Source Files</Filter>
    </ClCompile>
    <ClCompile Include="Its-odb.cxx">
      <Filter>Source Files</Filter>
    </ClCompile>
  </ItemGroup>
  <ItemGroup>
    <ClInclude Include="database.h">
      <Filter>Header Files</Filter>
    </ClInclude>
    <ClInclude Include="Demand-odb.hxx">
      <Filter>Header Files</Filter>
    </ClInclude>
    <ClInclude Include="Dimensions.h">
      <Filter>Header Files</Filter>
    </ClInclude>
    <ClInclude Include="Geometry.h">
      <Filter>Header Files</Filter>
    </ClInclude>
    <ClInclude Include="Result-odb.hxx">
      <Filter>Header Files</Filter>
    </ClInclude>
    <ClInclude Include="Supply-odb.hxx">
      <Filter>Header Files</Filter>
    </ClInclude>
    <ClInclude Include="System-odb.hxx">
      <Filter>Header Files</Filter>
    </ClInclude>
    <ClInclude Include="Io.h">
      <Filter>Header Files</Filter>
    </ClInclude>
    <ClInclude Include="Its-odb.hxx">
      <Filter>Header Files</Filter>
    </ClInclude>
    <ClInclude Include="endian.h">
      <Filter>Header Files</Filter>
    </ClInclude>
    <ClInclude Include="Network_Event.h">
      <Filter>Header Files</Filter>
    </ClInclude>
  </ItemGroup>
  <ItemGroup>
    <CustomBuild Include="System.h">
      <Filter>Header Files</Filter>
    </CustomBuild>
    <CustomBuild Include="Demand.h">
      <Filter>Header Files</Filter>
    </CustomBuild>
    <CustomBuild Include="Result.h">
      <Filter>Header Files</Filter>
    </CustomBuild>
    <CustomBuild Include="Supply.h">
      <Filter>Header Files</Filter>
    </CustomBuild>
    <CustomBuild Include="Its.h">
      <Filter>Header Files</Filter>
    </CustomBuild>
  </ItemGroup>
  <ItemGroup>
    <None Include="db-inventory.txt">
      <Filter>Resources</Filter>
    </None>
    <None Include="Demand-odb.ixx">
      <Filter>Header Files</Filter>
    </None>
    <None Include="Result-odb.ixx">
      <Filter>Header Files</Filter>
    </None>
    <None Include="Supply-odb.ixx">
      <Filter>Header Files</Filter>
    </None>
    <None Include="System-odb.ixx">
      <Filter>Header Files</Filter>
    </None>
    <None Include="Its-odb.ixx">
      <Filter>Header Files</Filter>
    </None>
  </ItemGroup>
  <ItemGroup>
    <Filter Include="Header Files">
      <UniqueIdentifier>{9f46684e-bb8b-4e5b-9e3d-302409457e46}</UniqueIdentifier>
    </Filter>
    <Filter Include="Source Files">
      <UniqueIdentifier>{bbc397b2-4e58-4d12-ab4c-33157bd5a198}</UniqueIdentifier>
    </Filter>
    <Filter Include="Resources">
      <UniqueIdentifier>{b5c6c7ce-2e2d-4cff-b77d-17b94b0a326c}</UniqueIdentifier>
    </Filter>
  </ItemGroup>
</Project>