<?xml version="1.0" encoding="utf-8"?>
<Project ToolsVersion="4.0" xmlns="http://schemas.microsoft.com/developer/msbuild/2003">
  <ItemGroup>
    <ClCompile Include="Demand-odb.cxx">
      <Filter>Source Files</Filter>
    </ClCompile>
    <ClCompile Include="Result-odb.cxx">
      <Filter>Source Files</Filter>
    </ClCompile>
    <ClCompile Include="Supply-odb.cxx">
      <Filter>Source Files</Filter>
    </ClCompile>
    <ClCompile Include="System-odb.cxx">
      <Filter>Source Files</Filter>
    </ClCompile>
  </ItemGroup>
  <ItemGroup>
    <ClInclude Include="Control.h">
      <Filter>Header Files</Filter>
    </ClInclude>
    <ClInclude Include="database.h">
      <Filter>Header Files</Filter>
    </ClInclude>
    <ClInclude Include="Demand-odb.hxx">
      <Filter>Header Files</Filter>
    </ClInclude>
    <ClInclude Include="Dimensions.h">
      <Filter>Header Files</Filter>
    </ClInclude>
    <ClInclude Include="Geometry.h">
      <Filter>Header Files</Filter>
    </ClInclude>
    <ClInclude Include="Result-odb.hxx">
      <Filter>Header Files</Filter>
    </ClInclude>
    <ClInclude Include="Supply-odb.hxx">
      <Filter>Header Files</Filter>
    </ClInclude>
    <ClInclude Include="System-odb.hxx">
      <Filter>Header Files</Filter>
    </ClInclude>
    <ClInclude Include="Io.h">
      <Filter>Header Files</Filter>
    </ClInclude>
  </ItemGroup>
  <ItemGroup>
    <CustomBuild Include="Demand.h">
      <Filter>Header Files</Filter>
    </CustomBuild>
    <CustomBuild Include="Result.h">
      <Filter>Header Files</Filter>
    </CustomBuild>
    <CustomBuild Include="Supply.h">
      <Filter>Header Files</Filter>
    </CustomBuild>
    <CustomBuild Include="System.h">
      <Filter>Header Files</Filter>
    </CustomBuild>
  </ItemGroup>
  <ItemGroup>
    <None Include="Demand-odb.ixx">
      <Filter>Header Files</Filter>
    </None>
    <None Include="Result-odb.ixx">
      <Filter>Header Files</Filter>
    </None>
    <None Include="System-odb.ixx">
      <Filter>Header Files</Filter>
    </None>
    <None Include="Supply-odb.ixx">
      <Filter>Header Files</Filter>
    </None>
    <None Include="db-inventory.txt">
      <Filter>Resources</Filter>
    </None>
  </ItemGroup>
  <ItemGroup>
    <Filter Include="Header Files">
      <UniqueIdentifier>{c9e7597a-49ab-45a1-bf4a-7097a0083b89}</UniqueIdentifier>
    </Filter>
    <Filter Include="Source Files">
      <UniqueIdentifier>{b4fcdd80-4938-4501-80ca-8b5a20b9159d}</UniqueIdentifier>
    </Filter>
    <Filter Include="Resources">
      <UniqueIdentifier>{a6e638a9-2665-4a1f-968d-9c685ed276b5}</UniqueIdentifier>
    </Filter>
  </ItemGroup>
</Project>