<?xml version="1.0" encoding="utf-8"?>
<Project ToolsVersion="4.0" xmlns="http://schemas.microsoft.com/developer/msbuild/2003">
  <ItemGroup>
    <Filter Include="Source Files">
      <UniqueIdentifier>{4FC737F1-C7A5-4376-A066-2A32D752A2FF}</UniqueIdentifier>
      <Extensions>cpp;c;cc;cxx;def;odl;idl;hpj;bat;asm;asmx</Extensions>
    </Filter>
    <Filter Include="Header Files">
      <UniqueIdentifier>{93995380-89BD-4b04-88EB-625FBE52EBFB}</UniqueIdentifier>
      <Extensions>h;hpp;hxx;hm;inl;inc;xsd</Extensions>
    </Filter>
    <Filter Include="Resource Files">
      <UniqueIdentifier>{67DA6AB6-F800-4c08-8B7A-83BB121AAD01}</UniqueIdentifier>
      <Extensions>rc;ico;cur;bmp;dlg;rc2;rct;bin;rgs;gif;jpg;jpeg;jpe;resx;tiff;tif;png;wav;mfcribbon-ms</Extensions>
    </Filter>
  </ItemGroup>
  <ItemGroup>
    <ClInclude Include="Antares.h">
      <Filter>Header Files</Filter>
    </ClInclude>
    <ClInclude Include="Antares_App.h">
      <Filter>Header Files</Filter>
    </ClInclude>
    <ClInclude Include="Antares_Frame.h">
      <Filter>Header Files</Filter>
    </ClInclude>
    <ClInclude Include="Antares_Frame_Implementation.h">
      <Filter>Header Files</Filter>
    </ClInclude>
    <ClInclude Include="Antares_Layer.h">
      <Filter>Header Files</Filter>
    </ClInclude>
    <ClInclude Include="Antares_Layer_Implementation.h">
      <Filter>Header Files</Filter>
    </ClInclude>
    <ClInclude Include="Attributes_Panel.h">
      <Filter>Header Files</Filter>
    </ClInclude>
    <ClInclude Include="Attributes_Panel_Implementation.h">
      <Filter>Header Files</Filter>
    </ClInclude>
    <ClInclude Include="Canvas.h">
      <Filter>Header Files</Filter>
    </ClInclude>
    <ClInclude Include="Canvas_Implementation.h">
      <Filter>Header Files</Filter>
    </ClInclude>
    <ClInclude Include="Conductor.h">
      <Filter>Header Files</Filter>
    </ClInclude>
    <ClInclude Include="Conductor_Implementation.h">
      <Filter>Header Files</Filter>
    </ClInclude>
    <ClInclude Include="Control_Dialog.h">
      <Filter>Header Files</Filter>
    </ClInclude>
    <ClInclude Include="Control_Dialog_Implementation.h">
      <Filter>Header Files</Filter>
    </ClInclude>
    <ClInclude Include="Control_Panel.h">
      <Filter>Header Files</Filter>
    </ClInclude>
    <ClInclude Include="Control_Panel_Implementation.h">
      <Filter>Header Files</Filter>
    </ClInclude>
    <ClInclude Include="Draw_Layer.h">
      <Filter>Header Files</Filter>
    </ClInclude>
    <ClInclude Include="Draw_Layer_2D.h">
      <Filter>Header Files</Filter>
    </ClInclude>
    <ClInclude Include="Identify.h">
      <Filter>Header Files</Filter>
    </ClInclude>
    <ClInclude Include="Information_Page.h">
      <Filter>Header Files</Filter>
    </ClInclude>
    <ClInclude Include="Information_Page_Implementation.h">
      <Filter>Header Files</Filter>
    </ClInclude>
    <ClInclude Include="Information_Panel.h">
      <Filter>Header Files</Filter>
    </ClInclude>
    <ClInclude Include="Information_Panel_Implementation.h">
      <Filter>Header Files</Filter>
    </ClInclude>
    <ClInclude Include="Layer_Management.h">
      <Filter>Header Files</Filter>
    </ClInclude>
    <ClInclude Include="Layer_Options.h">
      <Filter>Header Files</Filter>
    </ClInclude>
    <ClInclude Include="Layer_Options_Implementation.h">
      <Filter>Header Files</Filter>
    </ClInclude>
    <ClInclude Include="Navigation.h">
      <Filter>Header Files</Filter>
    </ClInclude>
    <ClInclude Include="Render.h">
      <Filter>Header Files</Filter>
    </ClInclude>
    <ClInclude Include="Render_2D.h">
      <Filter>Header Files</Filter>
    </ClInclude>
    <ClInclude Include="Splash_Panel.h">
      <Filter>Header Files</Filter>
    </ClInclude>
    <ClInclude Include="Splash_Panel_Implementation.h">
      <Filter>Header Files</Filter>
    </ClInclude>
    <ClInclude Include="Time_Panel.h">
      <Filter>Header Files</Filter>
    </ClInclude>
    <ClInclude Include="Time_Panel_Implementation.h">
      <Filter>Header Files</Filter>
    </ClInclude>
    <ClInclude Include="Visibility_Testing.h">
      <Filter>Header Files</Filter>
    </ClInclude>
    <ClInclude Include="Dependencies.h">
      <Filter>Header Files</Filter>
    </ClInclude>
    <ClInclude Include="Geometry.h">
      <Filter>Header Files</Filter>
    </ClInclude>
    <ClInclude Include="Geometry_Implementation.h">
      <Filter>Header Files</Filter>
    </ClInclude>
  </ItemGroup>
  <ItemGroup>
    <ClCompile Include="Antares.cpp">
      <Filter>Source Files</Filter>
    </ClCompile>
  </ItemGroup>
</Project>