<?xml version="1.0" encoding="utf-8"?>
<Project ToolsVersion="4.0" xmlns="http://schemas.microsoft.com/developer/msbuild/2003">
  <ItemGroup>
    <Filter Include="Source Files">
      <UniqueIdentifier>{4FC737F1-C7A5-4376-A066-2A32D752A2FF}</UniqueIdentifier>
      <Extensions>cpp;c;cc;cxx;def;odl;idl;hpj;bat;asm;asmx</Extensions>
    </Filter>
    <Filter Include="Header Files">
      <UniqueIdentifier>{93995380-89BD-4b04-88EB-625FBE52EBFB}</UniqueIdentifier>
      <Extensions>h;hpp;hxx;hm;inl;inc;xsd</Extensions>
    </Filter>
    <Filter Include="Prototypes">
      <UniqueIdentifier>{98719f82-5714-4a33-82cc-592c4eb105bb}</UniqueIdentifier>
    </Filter>
    <Filter Include="Implementations">
      <UniqueIdentifier>{4d0cd0e1-2c81-45b9-8890-1f5d97aa702c}</UniqueIdentifier>
    </Filter>
  </ItemGroup>
  <ItemGroup>
    <ClInclude Include="Repository.h">
      <Filter>Header Files</Filter>
    </ClInclude>
    <ClInclude Include="Repository_Includes.h">
      <Filter>Header Files</Filter>
    </ClInclude>
    <ClInclude Include="TEMPLATE_Implementations.h">
      <Filter>Header Files</Filter>
    </ClInclude>
    <ClInclude Include="TEMPLATE_prototypes.h">
      <Filter>Header Files</Filter>
    </ClInclude>
    <ClInclude Include="RNG_Implementations.h">
      <Filter>Implementations</Filter>
    </ClInclude>
    <ClInclude Include="RNG_Prototype.h">
      <Filter>Prototypes</Filter>
    </ClInclude>
    <ClInclude Include="Basic_Unit_Implementations.h">
      <Filter>Implementations</Filter>
    </ClInclude>
    <ClInclude Include="Choice_Model_Implementations.h">
      <Filter>Implementations</Filter>
    </ClInclude>
    <ClInclude Include="Basic_Units_Prototypes.h">
      <Filter>Prototypes</Filter>
    </ClInclude>
    <ClInclude Include="Choice_Model_Prototypes.h">
      <Filter>Prototypes</Filter>
    </ClInclude>
    <ClInclude Include="RngStream.h">
      <Filter>Header Files</Filter>
    </ClInclude>
    <ClInclude Include="Distribution_Prototype.h">
      <Filter>Prototypes</Filter>
    </ClInclude>
    <ClInclude Include="Distribution_Implementations.h">
      <Filter>Implementations</Filter>
    </ClInclude>
    <ClInclude Include="File_Reader.h">
      <Filter>Header Files</Filter>
    </ClInclude>
    <ClInclude Include="File_Writer.h">
      <Filter>Header Files</Filter>
    </ClInclude>
  </ItemGroup>
  <ItemGroup>
    <ClCompile Include="Repository.cpp">
      <Filter>Source Files</Filter>
    </ClCompile>
    <ClCompile Include="RngStream.cpp">
      <Filter>Source Files</Filter>
    </ClCompile>
  </ItemGroup>
</Project>