<?xml version="1.0" encoding="utf-8"?>
<Project ToolsVersion="4.0" xmlns="http://schemas.microsoft.com/developer/msbuild/2003">
  <ItemGroup>
    <Filter Include="Source Files">
      <UniqueIdentifier>{4FC737F1-C7A5-4376-A066-2A32D752A2FF}</UniqueIdentifier>
      <Extensions>cpp;c;cc;cxx;def;odl;idl;hpj;bat;asm;asmx</Extensions>
    </Filter>
    <Filter Include="Header Files">
      <UniqueIdentifier>{93995380-89BD-4b04-88EB-625FBE52EBFB}</UniqueIdentifier>
      <Extensions>h;hpp;hxx;hm;inl;inc;xsd</Extensions>
    </Filter>
    <Filter Include="Implementations">
      <UniqueIdentifier>{4ec1dd34-e5cc-487f-9d45-124080eb5821}</UniqueIdentifier>
    </Filter>
    <Filter Include="Prototypes">
      <UniqueIdentifier>{9da4cbf3-1852-4bb9-a898-879a9b1dca5f}</UniqueIdentifier>
    </Filter>
    <Filter Include="Implementations\PopSyn">
      <UniqueIdentifier>{c283e071-ba7b-4f6a-a3da-43b4a7cf085a}</UniqueIdentifier>
    </Filter>
    <Filter Include="Prototypes\PopSyn">
      <UniqueIdentifier>{8049d577-d1c2-4809-ad17-bc7bf5b7bb5d}</UniqueIdentifier>
    </Filter>
    <Filter Include="Implementations\Person Components">
      <UniqueIdentifier>{6400c084-a674-4705-9247-a389f63a0985}</UniqueIdentifier>
    </Filter>
    <Filter Include="Prototypes\Person Components">
      <UniqueIdentifier>{ca1c4ec1-8a3b-4979-99b8-42916ca6db3d}</UniqueIdentifier>
    </Filter>
  </ItemGroup>
  <ItemGroup>
    <ClCompile Include="User_Space.cpp">
      <Filter>Source Files</Filter>
    </ClCompile>
  </ItemGroup>
  <ItemGroup>
    <ClInclude Include="User_Space.h">
      <Filter>Header Files</Filter>
    </ClInclude>
    <ClInclude Include="User_Space_Includes.h">
      <Filter>Header Files</Filter>
    </ClInclude>
    <ClInclude Include="Polaris_Activity_Location_Implementation.h">
      <Filter>Implementations</Filter>
    </ClInclude>
    <ClInclude Include="Polaris_Demand_Implementation.h">
      <Filter>Implementations</Filter>
    </ClInclude>
    <ClInclude Include="Polaris_Intersection_Implementation.h">
      <Filter>Implementations</Filter>
    </ClInclude>
    <ClInclude Include="Polaris_Link_Implementation.h">
      <Filter>Implementations</Filter>
    </ClInclude>
    <ClInclude Include="Polaris_Network_Implementation.h">
      <Filter>Implementations</Filter>
    </ClInclude>
    <ClInclude Include="Polaris_Routing_Implementation.h">
      <Filter>Implementations</Filter>
    </ClInclude>
    <ClInclude Include="Polaris_Scenario_Implementation.h">
      <Filter>Implementations</Filter>
    </ClInclude>
    <ClInclude Include="Polaris_Traveler_Implementation.h">
      <Filter>Implementations</Filter>
    </ClInclude>
    <ClInclude Include="Polaris_Vehicle_Implementation.h">
      <Filter>Implementations</Filter>
    </ClInclude>
    <ClInclude Include="Routable_Intersection_Implementation.h">
      <Filter>Implementations</Filter>
    </ClInclude>
    <ClInclude Include="Routable_Link_Implementation.h">
      <Filter>Implementations</Filter>
    </ClInclude>
    <ClInclude Include="Activity_Location_Prototype.h">
      <Filter>Prototypes</Filter>
    </ClInclude>
    <ClInclude Include="Demand_Prototype.h">
      <Filter>Prototypes</Filter>
    </ClInclude>
    <ClInclude Include="Intersection_Prototype.h">
      <Filter>Prototypes</Filter>
    </ClInclude>
    <ClInclude Include="Link_Prototype.h">
      <Filter>Prototypes</Filter>
    </ClInclude>
    <ClInclude Include="Network_Prototype.h">
      <Filter>Prototypes</Filter>
    </ClInclude>
    <ClInclude Include="Routing_Prototype.h">
      <Filter>Prototypes</Filter>
    </ClInclude>
    <ClInclude Include="Scenario_Prototype.h">
      <Filter>Prototypes</Filter>
    </ClInclude>
    <ClInclude Include="Traveler_Prototype.h">
      <Filter>Prototypes</Filter>
    </ClInclude>
    <ClInclude Include="Vehicle_Prototype.h">
      <Filter>Prototypes</Filter>
    </ClInclude>
    <ClInclude Include="Intersection_Control_Prototype.h">
      <Filter>Prototypes</Filter>
    </ClInclude>
    <ClInclude Include="Operation_Prototype.h">
      <Filter>Prototypes</Filter>
    </ClInclude>
    <ClInclude Include="Zone_Prototype.h">
      <Filter>Prototypes</Filter>
    </ClInclude>
    <ClInclude Include="Polaris_Intersection_Control_Implementation.h">
      <Filter>Implementations</Filter>
    </ClInclude>
    <ClInclude Include="Polaris_Operation_Implementation.h">
      <Filter>Implementations</Filter>
    </ClInclude>
    <ClInclude Include="Polaris_Zone_Implementation.h">
      <Filter>Implementations</Filter>
    </ClInclude>
    <ClInclude Include="Sensor_Prototype.h">
      <Filter>Prototypes</Filter>
    </ClInclude>
    <ClInclude Include="Polaris_Sensor_Implementation.h">
      <Filter>Implementations</Filter>
    </ClInclude>
    <ClInclude Include="Location_Prototype.h">
      <Filter>Prototypes</Filter>
    </ClInclude>
    <ClInclude Include="Traffic_Management_Center_Prototype.h">
      <Filter>Prototypes</Filter>
    </ClInclude>
    <ClInclude Include="Plan_Prototype.h">
      <Filter>Prototypes</Filter>
    </ClInclude>
    <ClInclude Include="Movement_Plan_Prototype.h">
      <Filter>Prototypes</Filter>
    </ClInclude>
    <ClInclude Include="Polaris_Movement_Plan_Implementation.h">
      <Filter>Implementations</Filter>
    </ClInclude>
    <ClInclude Include="Polaris_Plan_Implementation.h">
      <Filter>Implementations</Filter>
    </ClInclude>
    <ClInclude Include="Activity_Prototype.h">
      <Filter>Prototypes</Filter>
    </ClInclude>
    <ClInclude Include="Activity_Implementations.h">
      <Filter>Implementations</Filter>
    </ClInclude>
    <ClInclude Include="Polaris_Turn_Movement_Implementation.h">
      <Filter>Implementations</Filter>
    </ClInclude>
    <ClInclude Include="Turn_Movement_Prototype.h">
      <Filter>Prototypes</Filter>
    </ClInclude>
    <ClInclude Include="Polaris_Network_Implementation_Input_File.h">
      <Filter>Implementations</Filter>
    </ClInclude>
    <ClInclude Include="Polaris_Network_Implementation_Output_File.h">
      <Filter>Implementations</Filter>
    </ClInclude>
    <ClInclude Include="Polaris_Network_Implementation_Results.h">
      <Filter>Implementations</Filter>
    </ClInclude>
    <ClInclude Include="User_Space_Forward_Declaration.h">
      <Filter>Header Files</Filter>
    </ClInclude>
    <ClInclude Include="Network_Skimming_Prototype.h">
      <Filter>Prototypes</Filter>
    </ClInclude>
    <ClInclude Include="Polaris_Network_Skimming_Implementation.h">
      <Filter>Implementations</Filter>
    </ClInclude>
    <ClInclude Include="PopSyn_Implementations.h">
      <Filter>Implementations\PopSyn</Filter>
    </ClInclude>
    <ClInclude Include="Synthesis_Region_Implementation.h">
      <Filter>Implementations\PopSyn</Filter>
    </ClInclude>
    <ClInclude Include="Synthesis_Zone_Implementations.h">
      <Filter>Implementations\PopSyn</Filter>
    </ClInclude>
    <ClInclude Include="Linker_Implementations.h">
      <Filter>Implementations\PopSyn</Filter>
    </ClInclude>
    <ClInclude Include="File_Reader.h">
      <Filter>Prototypes\PopSyn</Filter>
    </ClInclude>
    <ClInclude Include="File_Writer.h">
      <Filter>Prototypes\PopSyn</Filter>
    </ClInclude>
    <ClInclude Include="linker.h">
      <Filter>Prototypes\PopSyn</Filter>
    </ClInclude>
    <ClInclude Include="PopSyn_Prototype.h">
      <Filter>Prototypes\PopSyn</Filter>
    </ClInclude>
    <ClInclude Include="Synthesis_Region_Prototype.h">
      <Filter>Prototypes\PopSyn</Filter>
    </ClInclude>
    <ClInclude Include="Synthesis_Zone_Prototypes.h">
      <Filter>Prototypes\PopSyn</Filter>
    </ClInclude>
    <ClInclude Include="popsyn_includes.h">
      <Filter>Prototypes\PopSyn</Filter>
    </ClInclude>
    <ClInclude Include="Person_Implementations.h">
      <Filter>Implementations\Person Components</Filter>
    </ClInclude>
    <ClInclude Include="Person_Prototype.h">
      <Filter>Prototypes\Person Components</Filter>
    </ClInclude>
    <ClInclude Include="Person_Planner_Implementations.h">
      <Filter>Implementations\Person Components</Filter>
    </ClInclude>
    <ClInclude Include="Activity_Generator_Implementations.h">
      <Filter>Implementations\Person Components</Filter>
    </ClInclude>
    <ClInclude Include="Person_Properties_Implementations.h">
      <Filter>Implementations\Person Components</Filter>
    </ClInclude>
    <ClInclude Include="Network_DB_Reader_Implementations.h">
      <Filter>Implementations</Filter>
    </ClInclude>
    <ClInclude Include="Network_DB_Reader_Prototype.h">
      <Filter>Prototypes</Filter>
    </ClInclude>
    <ClInclude Include="User_Space_with_odb.h">
      <Filter>Header Files</Filter>
    </ClInclude>
    <ClInclude Include="Destination_Choice_Implementation.h">
      <Filter>Implementations\Person Components</Filter>
    </ClInclude>
    <ClInclude Include="Link_Control_Prototype.h">
      <Filter>Prototypes</Filter>
    </ClInclude>
    <ClInclude Include="Advisory_Radio_Implementation.h">
      <Filter>Implementations</Filter>
    </ClInclude>
    <ClInclude Include="Variable_Message_Sign_Implementation.h">
      <Filter>Implementations</Filter>
    </ClInclude>
    <ClInclude Include="Traffic_Management_Center_Implementation.h">
      <Filter>Implementations</Filter>
    </ClInclude>
    <ClInclude Include="Link_Control_Implementation.h">
      <Filter>Implementations</Filter>
    </ClInclude>
    <ClInclude Include="Depot_Prototype.h">
      <Filter>Prototypes</Filter>
    </ClInclude>
    <ClInclude Include="Depot_Implementation.h">
      <Filter>Implementations</Filter>
    </ClInclude>
    <ClInclude Include="..\Antares\Geometry.h">
      <Filter>Prototypes</Filter>
    </ClInclude>
    <ClInclude Include="Network_Event_Implementations.h">
      <Filter>Implementations</Filter>
    </ClInclude>
    <ClInclude Include="Network_Event_Prototype.h">
      <Filter>Prototypes</Filter>
    </ClInclude>
    <ClInclude Include="Person_Properties_Prototype.h">
      <Filter>Prototypes\Person Components</Filter>
    </ClInclude>
    <ClInclude Include="Geometry_Implementation.h">
      <Filter>Header Files</Filter>
    </ClInclude>
    <ClInclude Include="Polaris_Link_Event_Handler_Implementation.h">
      <Filter>Header Files</Filter>
    </ClInclude>
    <ClInclude Include="Advisory_ITS_Prototype.h">
      <Filter>Prototypes</Filter>
    </ClInclude>
    <ClInclude Include="Advisory_ITS_Implementation.h">
      <Filter>Implementations</Filter>
    </ClInclude>
  </ItemGroup>
</Project>