<?xml version="1.0" encoding="utf-8"?>
<Project ToolsVersion="4.0" xmlns="http://schemas.microsoft.com/developer/msbuild/2003">
  <ItemGroup>
    <Filter Include="Source Files">
      <UniqueIdentifier>{4FC737F1-C7A5-4376-A066-2A32D752A2FF}</UniqueIdentifier>
      <Extensions>cpp;c;cc;cxx;def;odl;idl;hpj;bat;asm;asmx</Extensions>
    </Filter>
    <Filter Include="Header Files">
      <UniqueIdentifier>{93995380-89BD-4b04-88EB-625FBE52EBFB}</UniqueIdentifier>
      <Extensions>h;hpp;hxx;hm;inl;inc;xsd</Extensions>
    </Filter>
    <Filter Include="Interfaces">
      <UniqueIdentifier>{9da4cbf3-1852-4bb9-a898-879a9b1dca5f}</UniqueIdentifier>
    </Filter>
    <Filter Include="Bases">
      <UniqueIdentifier>{4ec1dd34-e5cc-487f-9d45-124080eb5821}</UniqueIdentifier>
    </Filter>
  </ItemGroup>
  <ItemGroup>
    <ClInclude Include="Repository_User.h">
      <Filter>Header Files</Filter>
    </ClInclude>
    <ClInclude Include="Repository_User_Includes.h">
      <Filter>Header Files</Filter>
    </ClInclude>
    <ClInclude Include="Transims_Demand_API.h">
      <Filter>Header Files</Filter>
    </ClInclude>
    <ClInclude Include="Intersection_Interface.h">
      <Filter>Interfaces</Filter>
    </ClInclude>
    <ClInclude Include="Link_Interface.h">
      <Filter>Interfaces</Filter>
    </ClInclude>
    <ClInclude Include="Scenario_Interface.h">
      <Filter>Interfaces</Filter>
    </ClInclude>
    <ClInclude Include="Vehicle_Interface.h">
      <Filter>Interfaces</Filter>
    </ClInclude>
    <ClInclude Include="Network_Interface.h">
      <Filter>Interfaces</Filter>
    </ClInclude>
    <ClInclude Include="Routing_Interface.h">
      <Filter>Interfaces</Filter>
    </ClInclude>
    <ClInclude Include="Traveler_Interface.h">
      <Filter>Interfaces</Filter>
    </ClInclude>
    <ClInclude Include="Activity_Location_Interface.h">
      <Filter>Interfaces</Filter>
    </ClInclude>
    <ClInclude Include="Demand_Interface.h">
      <Filter>Interfaces</Filter>
    </ClInclude>
    <ClInclude Include="Polaris_Intersection_Base.h">
      <Filter>Bases</Filter>
    </ClInclude>
    <ClInclude Include="Polaris_Link_Base.h">
      <Filter>Bases</Filter>
    </ClInclude>
    <ClInclude Include="Polaris_Network_Base.h">
      <Filter>Bases</Filter>
    </ClInclude>
    <ClInclude Include="Polaris_Scenario_Base.h">
      <Filter>Bases</Filter>
    </ClInclude>
    <ClInclude Include="Polaris_Vehicle_Base.h">
      <Filter>Bases</Filter>
    </ClInclude>
    <ClInclude Include="Routable_Link_Base.h">
      <Filter>Bases</Filter>
    </ClInclude>
    <ClInclude Include="Routable_Intersection_Base.h">
      <Filter>Bases</Filter>
    </ClInclude>
    <ClInclude Include="Polaris_Routing_Base.h">
      <Filter>Bases</Filter>
    </ClInclude>
    <ClInclude Include="Polaris_Traveler_Base.h">
      <Filter>Bases</Filter>
    </ClInclude>
  </ItemGroup>
  <ItemGroup>
    <ClCompile Include="Repository_User.cpp">
      <Filter>Source Files</Filter>
    </ClCompile>
  </ItemGroup>
</Project>