<?xml version="1.0" encoding="utf-8"?>
<Project ToolsVersion="4.0" xmlns="http://schemas.microsoft.com/developer/msbuild/2003">
  <ItemGroup>
    <Filter Include="Source Files">
      <UniqueIdentifier>{4FC737F1-C7A5-4376-A066-2A32D752A2FF}</UniqueIdentifier>
      <Extensions>cpp;c;cc;cxx;def;odl;idl;hpj;bat;asm;asmx</Extensions>
    </Filter>
    <Filter Include="Header Files">
      <UniqueIdentifier>{93995380-89BD-4b04-88EB-625FBE52EBFB}</UniqueIdentifier>
      <Extensions>h;hpp;hxx;hm;inl;inc;xsd</Extensions>
    </Filter>
    <Filter Include="Prototypes">
      <UniqueIdentifier>{c9a79d3d-42f1-43f2-9c34-3715f1485866}</UniqueIdentifier>
    </Filter>
    <Filter Include="Implementations">
      <UniqueIdentifier>{d57cae35-d575-443d-a589-50fa72526ede}</UniqueIdentifier>
    </Filter>
  </ItemGroup>
  <ItemGroup>
    <ClInclude Include="Antares.h">
      <Filter>Header Files</Filter>
    </ClInclude>
    <ClInclude Include="Antares_App.h">
      <Filter>Header Files</Filter>
    </ClInclude>
    <ClInclude Include="Antares_Frame_Implementation.h">
      <Filter>Implementations</Filter>
    </ClInclude>
    <ClInclude Include="Canvas_Implementation.h">
      <Filter>Implementations</Filter>
    </ClInclude>
    <ClInclude Include="Control_Panel_Implementation.h">
      <Filter>Implementations</Filter>
    </ClInclude>
    <ClInclude Include="Information_Panel_Implementation.h">
      <Filter>Implementations</Filter>
    </ClInclude>
    <ClInclude Include="Time_Panel_Implementation.h">
      <Filter>Implementations</Filter>
    </ClInclude>
    <ClInclude Include="Time_Panel.h">
      <Filter>Prototypes</Filter>
    </ClInclude>
    <ClInclude Include="Information_Panel.h">
      <Filter>Prototypes</Filter>
    </ClInclude>
    <ClInclude Include="Control_Panel.h">
      <Filter>Prototypes</Filter>
    </ClInclude>
    <ClInclude Include="Canvas.h">
      <Filter>Prototypes</Filter>
    </ClInclude>
    <ClInclude Include="Antares_Frame.h">
      <Filter>Prototypes</Filter>
    </ClInclude>
    <ClInclude Include="Graphical_Network_Implementation.h">
      <Filter>Implementations</Filter>
    </ClInclude>
    <ClInclude Include="Graphical_Link_Implementation.h">
      <Filter>Implementations</Filter>
    </ClInclude>
    <ClInclude Include="Geometry.h">
      <Filter>Prototypes</Filter>
    </ClInclude>
    <ClInclude Include="Geometry_Implementation.h">
      <Filter>Implementations</Filter>
    </ClInclude>
    <ClInclude Include="Render.h">
      <Filter>Implementations</Filter>
    </ClInclude>
    <ClInclude Include="Visibility_Testing.h">
      <Filter>Implementations</Filter>
    </ClInclude>
    <ClInclude Include="Navigation.h">
      <Filter>Implementations</Filter>
    </ClInclude>
    <ClInclude Include="Graphical_Intersection_Implementation.h">
      <Filter>Implementations</Filter>
    </ClInclude>
    <ClInclude Include="Graphical_Vehicle_Implementation.h">
      <Filter>Implementations</Filter>
    </ClInclude>
    <ClInclude Include="Conductor.h">
      <Filter>Prototypes</Filter>
    </ClInclude>
    <ClInclude Include="Conductor_Implementation.h">
      <Filter>Implementations</Filter>
    </ClInclude>
    <ClInclude Include="Antares_Layer_Implementation.h">
      <Filter>Implementations</Filter>
    </ClInclude>
    <ClInclude Include="Draw_Layer.h">
      <Filter>Implementations</Filter>
    </ClInclude>
    <ClInclude Include="Antares_Layer.h">
      <Filter>Prototypes</Filter>
    </ClInclude>
    <ClInclude Include="Draw_Layer_2D.h">
      <Filter>Implementations</Filter>
    </ClInclude>
    <ClInclude Include="Render_2D.h">
      <Filter>Implementations</Filter>
    </ClInclude>
    <ClInclude Include="Layer_Options.h">
      <Filter>Prototypes</Filter>
    </ClInclude>
    <ClInclude Include="Layer_Options_Implementation.h">
      <Filter>Implementations</Filter>
    </ClInclude>
    <ClInclude Include="Layer_Management.h">
      <Filter>Implementations</Filter>
    </ClInclude>
    <ClInclude Include="Identify.h">
      <Filter>Implementations</Filter>
    </ClInclude>
    <ClInclude Include="Antares_Includes.h">
      <Filter>Header Files</Filter>
    </ClInclude>
    <ClInclude Include="Graphical_Zone_Implementation.h">
      <Filter>Implementations</Filter>
    </ClInclude>
  </ItemGroup>
  <ItemGroup>
    <ClCompile Include="Antares.cpp">
      <Filter>Source Files</Filter>
    </ClCompile>
    <ClCompile Include="glew.c">
      <Filter>Source Files</Filter>
    </ClCompile>
  </ItemGroup>
</Project>