<?xml version="1.0" encoding="utf-8"?>
<Project ToolsVersion="4.0" xmlns="http://schemas.microsoft.com/developer/msbuild/2003">
  <ItemGroup>
    <Filter Include="Source Files">
      <UniqueIdentifier>{4FC737F1-C7A5-4376-A066-2A32D752A2FF}</UniqueIdentifier>
      <Extensions>cpp;c;cc;cxx;def;odl;idl;hpj;bat;asm;asmx</Extensions>
    </Filter>
    <Filter Include="Header Files">
      <UniqueIdentifier>{93995380-89BD-4b04-88EB-625FBE52EBFB}</UniqueIdentifier>
      <Extensions>h;hpp;hxx;hm;inl;inc;xsd</Extensions>
    </Filter>
    <Filter Include="Resource Files">
      <UniqueIdentifier>{67DA6AB6-F800-4c08-8B7A-83BB121AAD01}</UniqueIdentifier>
      <Extensions>rc;ico;cur;bmp;dlg;rc2;rct;bin;rgs;gif;jpg;jpeg;jpe;resx;tiff;tif;png;wav;mfcribbon-ms</Extensions>
    </Filter>
  </ItemGroup>
  <ItemGroup>
    <ClCompile Include="Globals.cpp">
      <Filter>Source Files</Filter>
    </ClCompile>
    <ClCompile Include="Memory_Allocation.cpp">
      <Filter>Source Files</Filter>
    </ClCompile>
    <ClCompile Include="Simulation_Control.cpp">
      <Filter>Source Files</Filter>
    </ClCompile>
    <ClCompile Include="Simulation_Engine.cpp">
      <Filter>Source Files</Filter>
    </ClCompile>
    <ClCompile Include="Simulation_Thread.cpp">
      <Filter>Source Files</Filter>
    </ClCompile>
    <ClCompile Include="World.cpp">
      <Filter>Source Files</Filter>
    </ClCompile>
    <ClCompile Include="Execution_Block.cpp">
      <Filter>Source Files</Filter>
    </ClCompile>
    <ClCompile Include="Execution_Component_Manager.cpp">
      <Filter>Source Files</Filter>
    </ClCompile>
    <ClCompile Include="Function_Signature.cpp">
      <Filter>Source Files</Filter>
    </ClCompile>
  </ItemGroup>
  <ItemGroup>
    <ClInclude Include="Concepts.h">
      <Filter>Header Files</Filter>
    </ClInclude>
    <ClInclude Include="Container_Forms.h">
      <Filter>Header Files</Filter>
    </ClInclude>
    <ClInclude Include="Core.h">
      <Filter>Header Files</Filter>
    </ClInclude>
    <ClInclude Include="Data_Component_Manager.h">
      <Filter>Header Files</Filter>
    </ClInclude>
    <ClInclude Include="Data_Component_Manager_Methods.h">
      <Filter>Header Files</Filter>
    </ClInclude>
    <ClInclude Include="Data_Object.h">
      <Filter>Header Files</Filter>
    </ClInclude>
    <ClInclude Include="Dependencies.h">
      <Filter>Header Files</Filter>
    </ClInclude>
    <ClInclude Include="Dynamic_Dispatch.h">
      <Filter>Header Files</Filter>
    </ClInclude>
    <ClInclude Include="Execution_Block.h">
      <Filter>Header Files</Filter>
    </ClInclude>
    <ClInclude Include="Execution_Block_Methods.h">
      <Filter>Header Files</Filter>
    </ClInclude>
    <ClInclude Include="Execution_Component_Manager.h">
      <Filter>Header Files</Filter>
    </ClInclude>
    <ClInclude Include="Execution_Component_Manager_Methods.h">
      <Filter>Header Files</Filter>
    </ClInclude>
    <ClInclude Include="Execution_Object.h">
      <Filter>Header Files</Filter>
    </ClInclude>
    <ClInclude Include="Execution_Object_Methods.h">
      <Filter>Header Files</Filter>
    </ClInclude>
    <ClInclude Include="Forms.h">
      <Filter>Header Files</Filter>
    </ClInclude>
    <ClInclude Include="Function_Signature.h">
      <Filter>Header Files</Filter>
    </ClInclude>
    <ClInclude Include="Generic.h">
      <Filter>Header Files</Filter>
    </ClInclude>
    <ClInclude Include="Globals.h">
      <Filter>Header Files</Filter>
    </ClInclude>
    <ClInclude Include="Memory_Allocation.h">
      <Filter>Header Files</Filter>
    </ClInclude>
    <ClInclude Include="Polaris_Component.h">
      <Filter>Header Files</Filter>
    </ClInclude>
    <ClInclude Include="Requirements.h">
      <Filter>Header Files</Filter>
    </ClInclude>
    <ClInclude Include="Runtime_Checking.h">
      <Filter>Header Files</Filter>
    </ClInclude>
    <ClInclude Include="Simulation_Control.h">
      <Filter>Header Files</Filter>
    </ClInclude>
    <ClInclude Include="Simulation_Engine.h">
      <Filter>Header Files</Filter>
    </ClInclude>
    <ClInclude Include="Simulation_Thread.h">
      <Filter>Header Files</Filter>
    </ClInclude>
    <ClInclude Include="World.h">
      <Filter>Header Files</Filter>
    </ClInclude>
    <ClInclude Include="Local_Concepts.h">
      <Filter>Header Files</Filter>
    </ClInclude>
    <ClInclude Include="Multi_Buffer.h">
      <Filter>Header Files</Filter>
    </ClInclude>
  </ItemGroup>
</Project>